
Microsoft Visual Studio Solution File, Format Version 12.00
# Visual Studio Version 17
VisualStudioVersion = 17.0.32112.339
MinimumVisualStudioVersion = 10.0.40219.1
Project("{9A19103F-16F7-4668-BE54-9A1E7A4F7556}") = "BookSocial.API", "BookSocial.API\BookSocial.API.csproj", "{73133ECB-BBC8-4D62-84A5-187413025945}"
EndProject
Project("{9A19103F-16F7-4668-BE54-9A1E7A4F7556}") = "BookSocial.Presentation", "BookSocial.Presentation\BookSocial.Presentation.csproj", "{61DC333E-96C3-44A0-B16D-AA60C267C0BD}"
EndProject
Project("{9A19103F-16F7-4668-BE54-9A1E7A4F7556}") = "BookSocial.DAL", "BookSocial.DAL\BookSocial.DAL.csproj", "{3626E077-9E09-480C-9082-7ABE2CDDC0A2}"
EndProject
Project("{9A19103F-16F7-4668-BE54-9A1E7A4F7556}") = "BookSocial.BLL", "BookSocial.BLL\BookSocial.BLL.csproj", "{D7674A0C-57A0-4291-82A4-D9C8A8F228FD}"
EndProject
Global
	GlobalSection(SolutionConfigurationPlatforms) = preSolution
		Debug|Any CPU = Debug|Any CPU
		Release|Any CPU = Release|Any CPU
	EndGlobalSection
	GlobalSection(ProjectConfigurationPlatforms) = postSolution
		{73133ECB-BBC8-4D62-84A5-187413025945}.Debug|Any CPU.ActiveCfg = Debug|Any CPU
		{73133ECB-BBC8-4D62-84A5-187413025945}.Debug|Any CPU.Build.0 = Debug|Any CPU
		{73133ECB-BBC8-4D62-84A5-187413025945}.Release|Any CPU.ActiveCfg = Release|Any CPU
		{73133ECB-BBC8-4D62-84A5-187413025945}.Release|Any CPU.Build.0 = Release|Any CPU
		{61DC333E-96C3-44A0-B16D-AA60C267C0BD}.Debug|Any CPU.ActiveCfg = Debug|Any CPU
		{61DC333E-96C3-44A0-B16D-AA60C267C0BD}.Debug|Any CPU.Build.0 = Debug|Any CPU
		{61DC333E-96C3-44A0-B16D-AA60C267C0BD}.Release|Any CPU.ActiveCfg = Release|Any CPU
		{61DC333E-96C3-44A0-B16D-AA60C267C0BD}.Release|Any CPU.Build.0 = Release|Any CPU
		{3626E077-9E09-480C-9082-7ABE2CDDC0A2}.Debug|Any CPU.ActiveCfg = Debug|Any CPU
		{3626E077-9E09-480C-9082-7ABE2CDDC0A2}.Debug|Any CPU.Build.0 = Debug|Any CPU
		{3626E077-9E09-480C-9082-7ABE2CDDC0A2}.Release|Any CPU.ActiveCfg = Release|Any CPU
		{3626E077-9E09-480C-9082-7ABE2CDDC0A2}.Release|Any CPU.Build.0 = Release|Any CPU
		{D7674A0C-57A0-4291-82A4-D9C8A8F228FD}.Debug|Any CPU.ActiveCfg = Debug|Any CPU
		{D7674A0C-57A0-4291-82A4-D9C8A8F228FD}.Debug|Any CPU.Build.0 = Debug|Any CPU
		{D7674A0C-57A0-4291-82A4-D9C8A8F228FD}.Release|Any CPU.ActiveCfg = Release|Any CPU
		{D7674A0C-57A0-4291-82A4-D9C8A8F228FD}.Release|Any CPU.Build.0 = Release|Any CPU
	EndGlobalSection
	GlobalSection(SolutionProperties) = preSolution
		HideSolutionNode = FALSE
	EndGlobalSection
	GlobalSection(ExtensibilityGlobals) = postSolution
		SolutionGuid = {69B6CE4B-7B8F-42ED-A473-ED29405F5FEA}
	EndGlobalSection
EndGlobal
