
Microsoft Visual Studio Solution File, Format Version 12.00
# Visual Studio Version 17
VisualStudioVersion = 17.0.32112.339
MinimumVisualStudioVersion = 10.0.40219.1
Project("{9A19103F-16F7-4668-BE54-9A1E7A4F7556}") = "BookSocial.Entity", "BookSocial.Entity\BookSocial.Entity.csproj", "{51C05053-3E44-4233-8834-6427487349DD}"
EndProject
Project("{9A19103F-16F7-4668-BE54-9A1E7A4F7556}") = "BookSocial.DataAccess", "BookSocial.DataAccess\BookSocial.DataAccess.csproj", "{CF580FF8-D9D1-4389-9317-202E5F8B21D6}"
EndProject
Project("{9A19103F-16F7-4668-BE54-9A1E7A4F7556}") = "BookSocial.API", "BookSocial.API\BookSocial.API.csproj", "{17B335EF-4DB3-44B6-9E1B-BFFC6CA41D62}"
EndProject
Project("{9A19103F-16F7-4668-BE54-9A1E7A4F7556}") = "BookSocial.Presentation.User", "BookSocial.Presentation.User\BookSocial.Presentation.User.csproj", "{21F99B3F-394A-4279-AA33-97A016867A4F}"
EndProject
Project("{9A19103F-16F7-4668-BE54-9A1E7A4F7556}") = "BookSocial.Presentation.Admin", "BookSocial.Presentation.Admin\BookSocial.Presentation.Admin.csproj", "{685CCC65-18B2-4660-B113-01871E21C946}"
EndProject
Project("{9A19103F-16F7-4668-BE54-9A1E7A4F7556}") = "BookSocial.Service", "BookSocial.Service\BookSocial.Service.csproj", "{F7BAF339-F612-475A-9C18-5E6DF229DE89}"
EndProject
Project("{FAE04EC0-301F-11D3-BF4B-00C04F79EFBC}") = "BlazorApp1", "BlazorApp1\BlazorApp1.csproj", "{386E3E6C-0227-44D7-9191-993C34B58AE3}"
EndProject
Project("{FAE04EC0-301F-11D3-BF4B-00C04F79EFBC}") = "BlazorApp2", "BlazorApp2\BlazorApp2.csproj", "{213E6A14-465C-4C9A-AAA2-D5420C2ADCF8}"
EndProject
Global
	GlobalSection(SolutionConfigurationPlatforms) = preSolution
		Debug|Any CPU = Debug|Any CPU
		Release|Any CPU = Release|Any CPU
	EndGlobalSection
	GlobalSection(ProjectConfigurationPlatforms) = postSolution
		{51C05053-3E44-4233-8834-6427487349DD}.Debug|Any CPU.ActiveCfg = Debug|Any CPU
		{51C05053-3E44-4233-8834-6427487349DD}.Debug|Any CPU.Build.0 = Debug|Any CPU
		{51C05053-3E44-4233-8834-6427487349DD}.Release|Any CPU.ActiveCfg = Release|Any CPU
		{51C05053-3E44-4233-8834-6427487349DD}.Release|Any CPU.Build.0 = Release|Any CPU
		{CF580FF8-D9D1-4389-9317-202E5F8B21D6}.Debug|Any CPU.ActiveCfg = Debug|Any CPU
		{CF580FF8-D9D1-4389-9317-202E5F8B21D6}.Debug|Any CPU.Build.0 = Debug|Any CPU
		{CF580FF8-D9D1-4389-9317-202E5F8B21D6}.Release|Any CPU.ActiveCfg = Release|Any CPU
		{CF580FF8-D9D1-4389-9317-202E5F8B21D6}.Release|Any CPU.Build.0 = Release|Any CPU
		{17B335EF-4DB3-44B6-9E1B-BFFC6CA41D62}.Debug|Any CPU.ActiveCfg = Debug|Any CPU
		{17B335EF-4DB3-44B6-9E1B-BFFC6CA41D62}.Debug|Any CPU.Build.0 = Debug|Any CPU
		{17B335EF-4DB3-44B6-9E1B-BFFC6CA41D62}.Release|Any CPU.ActiveCfg = Release|Any CPU
		{17B335EF-4DB3-44B6-9E1B-BFFC6CA41D62}.Release|Any CPU.Build.0 = Release|Any CPU
		{21F99B3F-394A-4279-AA33-97A016867A4F}.Debug|Any CPU.ActiveCfg = Debug|Any CPU
		{21F99B3F-394A-4279-AA33-97A016867A4F}.Debug|Any CPU.Build.0 = Debug|Any CPU
		{21F99B3F-394A-4279-AA33-97A016867A4F}.Release|Any CPU.ActiveCfg = Release|Any CPU
		{21F99B3F-394A-4279-AA33-97A016867A4F}.Release|Any CPU.Build.0 = Release|Any CPU
		{685CCC65-18B2-4660-B113-01871E21C946}.Debug|Any CPU.ActiveCfg = Debug|Any CPU
		{685CCC65-18B2-4660-B113-01871E21C946}.Debug|Any CPU.Build.0 = Debug|Any CPU
		{685CCC65-18B2-4660-B113-01871E21C946}.Release|Any CPU.ActiveCfg = Release|Any CPU
		{685CCC65-18B2-4660-B113-01871E21C946}.Release|Any CPU.Build.0 = Release|Any CPU
		{F7BAF339-F612-475A-9C18-5E6DF229DE89}.Debug|Any CPU.ActiveCfg = Debug|Any CPU
		{F7BAF339-F612-475A-9C18-5E6DF229DE89}.Debug|Any CPU.Build.0 = Debug|Any CPU
		{F7BAF339-F612-475A-9C18-5E6DF229DE89}.Release|Any CPU.ActiveCfg = Release|Any CPU
		{F7BAF339-F612-475A-9C18-5E6DF229DE89}.Release|Any CPU.Build.0 = Release|Any CPU
		{386E3E6C-0227-44D7-9191-993C34B58AE3}.Debug|Any CPU.ActiveCfg = Debug|Any CPU
		{386E3E6C-0227-44D7-9191-993C34B58AE3}.Debug|Any CPU.Build.0 = Debug|Any CPU
		{386E3E6C-0227-44D7-9191-993C34B58AE3}.Release|Any CPU.ActiveCfg = Release|Any CPU
		{386E3E6C-0227-44D7-9191-993C34B58AE3}.Release|Any CPU.Build.0 = Release|Any CPU
		{213E6A14-465C-4C9A-AAA2-D5420C2ADCF8}.Debug|Any CPU.ActiveCfg = Debug|Any CPU
		{213E6A14-465C-4C9A-AAA2-D5420C2ADCF8}.Debug|Any CPU.Build.0 = Debug|Any CPU
		{213E6A14-465C-4C9A-AAA2-D5420C2ADCF8}.Release|Any CPU.ActiveCfg = Release|Any CPU
		{213E6A14-465C-4C9A-AAA2-D5420C2ADCF8}.Release|Any CPU.Build.0 = Release|Any CPU
	EndGlobalSection
	GlobalSection(SolutionProperties) = preSolution
		HideSolutionNode = FALSE
	EndGlobalSection
	GlobalSection(ExtensibilityGlobals) = postSolution
		SolutionGuid = {69B6CE4B-7B8F-42ED-A473-ED29405F5FEA}
	EndGlobalSection
EndGlobal
