
Microsoft Visual Studio Solution File, Format Version 12.00
# Visual Studio Version 17
VisualStudioVersion = 17.0.32112.339
MinimumVisualStudioVersion = 10.0.40219.1
Project("{9A19103F-16F7-4668-BE54-9A1E7A4F7556}") = "BookSocial.DataAccess", "BookSocial.DataAccess\BookSocial.DataAccess.csproj", "{CF580FF8-D9D1-4389-9317-202E5F8B21D6}"
EndProject
Project("{9A19103F-16F7-4668-BE54-9A1E7A4F7556}") = "BookSocial.API", "BookSocial.API\BookSocial.API.csproj", "{17B335EF-4DB3-44B6-9E1B-BFFC6CA41D62}"
EndProject
Project("{9A19103F-16F7-4668-BE54-9A1E7A4F7556}") = "BookSocial.Presentation.User", "BookSocial.Presentation.User\BookSocial.Presentation.User.csproj", "{21F99B3F-394A-4279-AA33-97A016867A4F}"
EndProject
Project("{9A19103F-16F7-4668-BE54-9A1E7A4F7556}") = "BookSocial.Presentation.Admin", "BookSocial.Presentation.Admin\BookSocial.Presentation.Admin.csproj", "{685CCC65-18B2-4660-B113-01871E21C946}"
EndProject
Project("{9A19103F-16F7-4668-BE54-9A1E7A4F7556}") = "BookSocial.EntityClass", "BookSocial.EntityClass\BookSocial.EntityClass.csproj", "{FE2DB74D-1DE2-4D4E-AF2B-BFCE83519DE6}"
EndProject
Project("{FAE04EC0-301F-11D3-BF4B-00C04F79EFBC}") = "BookSocial.Service", "BookSocial.Service\BookSocial.Service.csproj", "{D6FF0EA8-E89A-4AAB-A950-C0D43102563E}"
EndProject
Global
	GlobalSection(SolutionConfigurationPlatforms) = preSolution
		Debug|Any CPU = Debug|Any CPU
		Release|Any CPU = Release|Any CPU
	EndGlobalSection
	GlobalSection(ProjectConfigurationPlatforms) = postSolution
		{CF580FF8-D9D1-4389-9317-202E5F8B21D6}.Debug|Any CPU.ActiveCfg = Debug|Any CPU
		{CF580FF8-D9D1-4389-9317-202E5F8B21D6}.Debug|Any CPU.Build.0 = Debug|Any CPU
		{CF580FF8-D9D1-4389-9317-202E5F8B21D6}.Release|Any CPU.ActiveCfg = Release|Any CPU
		{CF580FF8-D9D1-4389-9317-202E5F8B21D6}.Release|Any CPU.Build.0 = Release|Any CPU
		{17B335EF-4DB3-44B6-9E1B-BFFC6CA41D62}.Debug|Any CPU.ActiveCfg = Debug|Any CPU
		{17B335EF-4DB3-44B6-9E1B-BFFC6CA41D62}.Debug|Any CPU.Build.0 = Debug|Any CPU
		{17B335EF-4DB3-44B6-9E1B-BFFC6CA41D62}.Release|Any CPU.ActiveCfg = Release|Any CPU
		{17B335EF-4DB3-44B6-9E1B-BFFC6CA41D62}.Release|Any CPU.Build.0 = Release|Any CPU
		{21F99B3F-394A-4279-AA33-97A016867A4F}.Debug|Any CPU.ActiveCfg = Debug|Any CPU
		{21F99B3F-394A-4279-AA33-97A016867A4F}.Debug|Any CPU.Build.0 = Debug|Any CPU
		{21F99B3F-394A-4279-AA33-97A016867A4F}.Release|Any CPU.ActiveCfg = Release|Any CPU
		{21F99B3F-394A-4279-AA33-97A016867A4F}.Release|Any CPU.Build.0 = Release|Any CPU
		{685CCC65-18B2-4660-B113-01871E21C946}.Debug|Any CPU.ActiveCfg = Debug|Any CPU
		{685CCC65-18B2-4660-B113-01871E21C946}.Debug|Any CPU.Build.0 = Debug|Any CPU
		{685CCC65-18B2-4660-B113-01871E21C946}.Release|Any CPU.ActiveCfg = Release|Any CPU
		{685CCC65-18B2-4660-B113-01871E21C946}.Release|Any CPU.Build.0 = Release|Any CPU
		{FE2DB74D-1DE2-4D4E-AF2B-BFCE83519DE6}.Debug|Any CPU.ActiveCfg = Debug|Any CPU
		{FE2DB74D-1DE2-4D4E-AF2B-BFCE83519DE6}.Debug|Any CPU.Build.0 = Debug|Any CPU
		{FE2DB74D-1DE2-4D4E-AF2B-BFCE83519DE6}.Release|Any CPU.ActiveCfg = Release|Any CPU
		{FE2DB74D-1DE2-4D4E-AF2B-BFCE83519DE6}.Release|Any CPU.Build.0 = Release|Any CPU
		{D6FF0EA8-E89A-4AAB-A950-C0D43102563E}.Debug|Any CPU.ActiveCfg = Debug|Any CPU
		{D6FF0EA8-E89A-4AAB-A950-C0D43102563E}.Debug|Any CPU.Build.0 = Debug|Any CPU
		{D6FF0EA8-E89A-4AAB-A950-C0D43102563E}.Release|Any CPU.ActiveCfg = Release|Any CPU
		{D6FF0EA8-E89A-4AAB-A950-C0D43102563E}.Release|Any CPU.Build.0 = Release|Any CPU
	EndGlobalSection
	GlobalSection(SolutionProperties) = preSolution
		HideSolutionNode = FALSE
	EndGlobalSection
	GlobalSection(ExtensibilityGlobals) = postSolution
		SolutionGuid = {69B6CE4B-7B8F-42ED-A473-ED29405F5FEA}
	EndGlobalSection
EndGlobal
